<Solution>
  <Folder Name="/BuildingBlocks/">
    <Project Path="BuildingBlocks/BuildingBlock/BuildingBlocks/BuildingBlocks.csproj" Id="97b1bb13-05b2-4654-9e5a-87d555544a75" />
  </Folder>
  <Folder Name="/Services/" />
  <Folder Name="/Services/Basket/">
    <Project Path="Services/Basket/Basket.API/Basket.API.csproj" Id="3f9d374b-b7b7-4c0f-b196-d826ccbfe817" />
  </Folder>
  <Folder Name="/Services/Catalog/">
    <Project Path="Services/Catalog/Catalog.Api/Catalog.Api.csproj" Id="2d718189-a628-4c83-bae7-341faa28d09a" />
  </Folder>
  <Project Path="docker-compose.dcproj">
    <Build />
  </Project>
</Solution>
